
Microsoft Visual Studio Solution File, Format Version 12.00
# Visual Studio Version 17
VisualStudioVersion = 17.5.33530.505
MinimumVisualStudioVersion = 10.0.40219.1
Project("{FAE04EC0-301F-11D3-BF4B-00C04F79EFBC}") = "HelloWorld", "HelloWorld\HelloWorld.csproj", "{76ECA99D-63D0-4AD2-8376-F3F32AE3EAF3}"
EndProject
Project("{FAE04EC0-301F-11D3-BF4B-00C04F79EFBC}") = "HocGeneric", "HocGeneric\HocGeneric.csproj", "{3FF78BEB-EE07-407B-94F8-E10E22862EE1}"
EndProject
Project("{FAE04EC0-301F-11D3-BF4B-00C04F79EFBC}") = "HocImplicitType", "..\HocImplicitType\HocImplicitType.csproj", "{4DDDFE15-3C95-409B-AA77-41AE45CE566B}"
EndProject
Global
	GlobalSection(SolutionConfigurationPlatforms) = preSolution
		Debug|Any CPU = Debug|Any CPU
		Release|Any CPU = Release|Any CPU
	EndGlobalSection
	GlobalSection(ProjectConfigurationPlatforms) = postSolution
		{76ECA99D-63D0-4AD2-8376-F3F32AE3EAF3}.Debug|Any CPU.ActiveCfg = Debug|Any CPU
		{76ECA99D-63D0-4AD2-8376-F3F32AE3EAF3}.Debug|Any CPU.Build.0 = Debug|Any CPU
		{76ECA99D-63D0-4AD2-8376-F3F32AE3EAF3}.Release|Any CPU.ActiveCfg = Release|Any CPU
		{76ECA99D-63D0-4AD2-8376-F3F32AE3EAF3}.Release|Any CPU.Build.0 = Release|Any CPU
		{3FF78BEB-EE07-407B-94F8-E10E22862EE1}.Debug|Any CPU.ActiveCfg = Debug|Any CPU
		{3FF78BEB-EE07-407B-94F8-E10E22862EE1}.Debug|Any CPU.Build.0 = Debug|Any CPU
		{3FF78BEB-EE07-407B-94F8-E10E22862EE1}.Release|Any CPU.ActiveCfg = Release|Any CPU
		{3FF78BEB-EE07-407B-94F8-E10E22862EE1}.Release|Any CPU.Build.0 = Release|Any CPU
		{4DDDFE15-3C95-409B-AA77-41AE45CE566B}.Debug|Any CPU.ActiveCfg = Debug|Any CPU
		{4DDDFE15-3C95-409B-AA77-41AE45CE566B}.Debug|Any CPU.Build.0 = Debug|Any CPU
		{4DDDFE15-3C95-409B-AA77-41AE45CE566B}.Release|Any CPU.ActiveCfg = Release|Any CPU
		{4DDDFE15-3C95-409B-AA77-41AE45CE566B}.Release|Any CPU.Build.0 = Release|Any CPU
	EndGlobalSection
	GlobalSection(SolutionProperties) = preSolution
		HideSolutionNode = FALSE
	EndGlobalSection
	GlobalSection(ExtensibilityGlobals) = postSolution
		SolutionGuid = {11BA05C8-85E0-4C7C-BD61-B117BE23F9B9}
	EndGlobalSection
EndGlobal
